
Microsoft Visual Studio Solution File, Format Version 12.00
# Visual Studio 15
VisualStudioVersion = 15.0.28010.2016
MinimumVisualStudioVersion = 10.0.40219.1
Project("{FAE04EC0-301F-11D3-BF4B-00C04F79EFBC}") = "OrganisationProfitCalculator", "OrganisationProfitCalculator\OrganisationProfitCalculator.csproj", "{A104EDCA-97E2-4B7B-BEE3-BD4A559D4A29}"
EndProject
Project("{FAE04EC0-301F-11D3-BF4B-00C04F79EFBC}") = "OrganisationProfitCalculatorTests", "OrganisationProfitCalculatorTests\OrganisationProfitCalculatorTests.csproj", "{0EC0D5DB-54EC-4F58-979D-490DD8F85EE2}"
EndProject
Project("{FAE04EC0-301F-11D3-BF4B-00C04F79EFBC}") = "OrganisationProfitCalculator.UseCase", "OrganisationProfitCalculator.UseCase\OrganisationProfitCalculator.UseCase.csproj", "{F5719BA0-61C0-4FA0-97EC-24672DEFD8E9}"
EndProject
Project("{FAE04EC0-301F-11D3-BF4B-00C04F79EFBC}") = "OrganisationProfitCalculator.Data", "OrganisationProfitCalculator.Data\OrganisationProfitCalculator.Data.csproj", "{A05454BE-CD9D-4FCC-9FF4-4584CE956BFF}"
EndProject
Project("{FAE04EC0-301F-11D3-BF4B-00C04F79EFBC}") = "OrganisationProfitCalculator.UseCase.Tests", "OrganisationProfitCalculator.UseCase.Tests\OrganisationProfitCalculator.UseCase.Tests.csproj", "{28E7A36D-DA49-4409-8117-26070988FC51}"
EndProject
Project("{FAE04EC0-301F-11D3-BF4B-00C04F79EFBC}") = "OrganisationProfitCalculator.Data.Tests", "OrganisationProfitCalculator.Data.Tests\OrganisationProfitCalculator.Data.Tests.csproj", "{F9EBE019-D28B-44D7-8347-F1206C860704}"
EndProject
Global
	GlobalSection(SolutionConfigurationPlatforms) = preSolution
		Debug|Any CPU = Debug|Any CPU
		Release|Any CPU = Release|Any CPU
	EndGlobalSection
	GlobalSection(ProjectConfigurationPlatforms) = postSolution
		{A104EDCA-97E2-4B7B-BEE3-BD4A559D4A29}.Debug|Any CPU.ActiveCfg = Debug|Any CPU
		{A104EDCA-97E2-4B7B-BEE3-BD4A559D4A29}.Debug|Any CPU.Build.0 = Debug|Any CPU
		{A104EDCA-97E2-4B7B-BEE3-BD4A559D4A29}.Release|Any CPU.ActiveCfg = Release|Any CPU
		{A104EDCA-97E2-4B7B-BEE3-BD4A559D4A29}.Release|Any CPU.Build.0 = Release|Any CPU
		{0EC0D5DB-54EC-4F58-979D-490DD8F85EE2}.Debug|Any CPU.ActiveCfg = Debug|Any CPU
		{0EC0D5DB-54EC-4F58-979D-490DD8F85EE2}.Debug|Any CPU.Build.0 = Debug|Any CPU
		{0EC0D5DB-54EC-4F58-979D-490DD8F85EE2}.Release|Any CPU.ActiveCfg = Release|Any CPU
		{0EC0D5DB-54EC-4F58-979D-490DD8F85EE2}.Release|Any CPU.Build.0 = Release|Any CPU
		{F5719BA0-61C0-4FA0-97EC-24672DEFD8E9}.Debug|Any CPU.ActiveCfg = Debug|Any CPU
		{F5719BA0-61C0-4FA0-97EC-24672DEFD8E9}.Debug|Any CPU.Build.0 = Debug|Any CPU
		{F5719BA0-61C0-4FA0-97EC-24672DEFD8E9}.Release|Any CPU.ActiveCfg = Release|Any CPU
		{F5719BA0-61C0-4FA0-97EC-24672DEFD8E9}.Release|Any CPU.Build.0 = Release|Any CPU
		{A05454BE-CD9D-4FCC-9FF4-4584CE956BFF}.Debug|Any CPU.ActiveCfg = Debug|Any CPU
		{A05454BE-CD9D-4FCC-9FF4-4584CE956BFF}.Debug|Any CPU.Build.0 = Debug|Any CPU
		{A05454BE-CD9D-4FCC-9FF4-4584CE956BFF}.Release|Any CPU.ActiveCfg = Release|Any CPU
		{A05454BE-CD9D-4FCC-9FF4-4584CE956BFF}.Release|Any CPU.Build.0 = Release|Any CPU
		{28E7A36D-DA49-4409-8117-26070988FC51}.Debug|Any CPU.ActiveCfg = Debug|Any CPU
		{28E7A36D-DA49-4409-8117-26070988FC51}.Debug|Any CPU.Build.0 = Debug|Any CPU
		{28E7A36D-DA49-4409-8117-26070988FC51}.Release|Any CPU.ActiveCfg = Release|Any CPU
		{28E7A36D-DA49-4409-8117-26070988FC51}.Release|Any CPU.Build.0 = Release|Any CPU
		{F9EBE019-D28B-44D7-8347-F1206C860704}.Debug|Any CPU.ActiveCfg = Debug|Any CPU
		{F9EBE019-D28B-44D7-8347-F1206C860704}.Debug|Any CPU.Build.0 = Debug|Any CPU
		{F9EBE019-D28B-44D7-8347-F1206C860704}.Release|Any CPU.ActiveCfg = Release|Any CPU
		{F9EBE019-D28B-44D7-8347-F1206C860704}.Release|Any CPU.Build.0 = Release|Any CPU
	EndGlobalSection
	GlobalSection(SolutionProperties) = preSolution
		HideSolutionNode = FALSE
	EndGlobalSection
	GlobalSection(ExtensibilityGlobals) = postSolution
		SolutionGuid = {0BC4617F-70DE-47CF-BE2A-6F0B30CDF3CC}
	EndGlobalSection
EndGlobal
